
Microsoft Visual Studio Solution File, Format Version 12.00
# Visual Studio Version 17
VisualStudioVersion = 17.11.35312.102
MinimumVisualStudioVersion = 10.0.40219.1
Project("{FAE04EC0-301F-11D3-BF4B-00C04F79EFBC}") = "MyApi", "MyApi.csproj", "{F231D651-C880-46FA-9683-81634D77FD2C}"
EndProject
Global
	GlobalSection(SolutionConfigurationPlatforms) = preSolution
		Debug|Any CPU = Debug|Any CPU
		Release|Any CPU = Release|Any CPU
	EndGlobalSection
	GlobalSection(ProjectConfigurationPlatforms) = postSolution
		{F231D651-C880-46FA-9683-81634D77FD2C}.Debug|Any CPU.ActiveCfg = Debug|Any CPU
		{F231D651-C880-46FA-9683-81634D77FD2C}.Debug|Any CPU.Build.0 = Debug|Any CPU
		{F231D651-C880-46FA-9683-81634D77FD2C}.Release|Any CPU.ActiveCfg = Release|Any CPU
		{F231D651-C880-46FA-9683-81634D77FD2C}.Release|Any CPU.Build.0 = Release|Any CPU
	EndGlobalSection
	GlobalSection(SolutionProperties) = preSolution
		HideSolutionNode = FALSE
	EndGlobalSection
	GlobalSection(ExtensibilityGlobals) = postSolution
		SolutionGuid = {F256ECD4-F16A-43B7-87B8-6C88BC410156}
	EndGlobalSection
EndGlobal
