
Microsoft Visual Studio Solution File, Format Version 12.00
# Visual Studio Version 17
VisualStudioVersion = 17.11.35312.102
MinimumVisualStudioVersion = 10.0.40219.1
Project("{9A19103F-16F7-4668-BE54-9A1E7A4F7556}") = "App", "App.csproj", "{302AD344-5D77-4212-8177-C814D03793DA}"
EndProject
Project("{9A19103F-16F7-4668-BE54-9A1E7A4F7556}") = "Tests", "..\Tests\Tests.csproj", "{7DCB6EF0-2E8A-47A8-9B9A-A55641DC61EB}"
EndProject
Global
	GlobalSection(SolutionConfigurationPlatforms) = preSolution
		Debug|Any CPU = Debug|Any CPU
		Release|Any CPU = Release|Any CPU
	EndGlobalSection
	GlobalSection(ProjectConfigurationPlatforms) = postSolution
		{302AD344-5D77-4212-8177-C814D03793DA}.Debug|Any CPU.ActiveCfg = Debug|Any CPU
		{302AD344-5D77-4212-8177-C814D03793DA}.Debug|Any CPU.Build.0 = Debug|Any CPU
		{302AD344-5D77-4212-8177-C814D03793DA}.Release|Any CPU.ActiveCfg = Release|Any CPU
		{302AD344-5D77-4212-8177-C814D03793DA}.Release|Any CPU.Build.0 = Release|Any CPU
		{7DCB6EF0-2E8A-47A8-9B9A-A55641DC61EB}.Debug|Any CPU.ActiveCfg = Debug|Any CPU
		{7DCB6EF0-2E8A-47A8-9B9A-A55641DC61EB}.Debug|Any CPU.Build.0 = Debug|Any CPU
		{7DCB6EF0-2E8A-47A8-9B9A-A55641DC61EB}.Release|Any CPU.ActiveCfg = Release|Any CPU
		{7DCB6EF0-2E8A-47A8-9B9A-A55641DC61EB}.Release|Any CPU.Build.0 = Release|Any CPU
	EndGlobalSection
	GlobalSection(SolutionProperties) = preSolution
		HideSolutionNode = FALSE
	EndGlobalSection
	GlobalSection(ExtensibilityGlobals) = postSolution
		SolutionGuid = {0C673825-7E6B-4DB4-84D9-5548B4D30F85}
	EndGlobalSection
EndGlobal
