
Microsoft Visual Studio Solution File, Format Version 12.00
# Visual Studio Version 17
VisualStudioVersion = 17.11.35312.102
MinimumVisualStudioVersion = 10.0.40219.1
Project("{FAE04EC0-301F-11D3-BF4B-00C04F79EFBC}") = "App", "App.csproj", "{00BEFF68-5343-40BF-8620-D86237330EC0}"
EndProject
Project("{FAE04EC0-301F-11D3-BF4B-00C04F79EFBC}") = "MyLib", "..\MyLib\MyLib.csproj", "{00069419-0009-4B90-AF60-A6FFFADF0284}"
EndProject
Global
	GlobalSection(SolutionConfigurationPlatforms) = preSolution
		Debug|Any CPU = Debug|Any CPU
		Release|Any CPU = Release|Any CPU
	EndGlobalSection
	GlobalSection(ProjectConfigurationPlatforms) = postSolution
		{00BEFF68-5343-40BF-8620-D86237330EC0}.Debug|Any CPU.ActiveCfg = Debug|Any CPU
		{00BEFF68-5343-40BF-8620-D86237330EC0}.Debug|Any CPU.Build.0 = Debug|Any CPU
		{00BEFF68-5343-40BF-8620-D86237330EC0}.Release|Any CPU.ActiveCfg = Release|Any CPU
		{00BEFF68-5343-40BF-8620-D86237330EC0}.Release|Any CPU.Build.0 = Release|Any CPU
		{00069419-0009-4B90-AF60-A6FFFADF0284}.Debug|Any CPU.ActiveCfg = Debug|Any CPU
		{00069419-0009-4B90-AF60-A6FFFADF0284}.Debug|Any CPU.Build.0 = Debug|Any CPU
		{00069419-0009-4B90-AF60-A6FFFADF0284}.Release|Any CPU.ActiveCfg = Release|Any CPU
		{00069419-0009-4B90-AF60-A6FFFADF0284}.Release|Any CPU.Build.0 = Release|Any CPU
	EndGlobalSection
	GlobalSection(SolutionProperties) = preSolution
		HideSolutionNode = FALSE
	EndGlobalSection
	GlobalSection(ExtensibilityGlobals) = postSolution
		SolutionGuid = {F40AB8D8-F72E-4A72-BAE8-BE9721DC1446}
	EndGlobalSection
EndGlobal
